// !$*UTF8*$!
{
	archiveVersion = 1;
	classes = {
	};
	objectVersion = 46;
	objects = {

/* Begin PBXBuildFile section */
		49596E041BA8002B00420789 /* main.m in Sources */ = {isa = PBXBuildFile; fileRef = 49596E031BA8002B00420789 /* main.m */; };
		49596E071BA8002B00420789 /* AppDelegate.m in Sources */ = {isa = PBXBuildFile; fileRef = 49596E061BA8002B00420789 /* AppDelegate.m */; };
		49596E091BA8002B00420789 /* Images.xcassets in Resources */ = {isa = PBXBuildFile; fileRef = 49596E081BA8002B00420789 /* Images.xcassets */; };
		49596E0C1BA8002B00420789 /* LaunchScreen.xib in Resources */ = {isa = PBXBuildFile; fileRef = 49596E0A1BA8002B00420789 /* LaunchScreen.xib */; };
		49596E181BA8002B00420789 /* UI13_block__Tests.m in Sources */ = {isa = PBXBuildFile; fileRef = 49596E171BA8002B00420789 /* UI13_block__Tests.m */; };
		49596E231BA8005600420789 /* RootViewController.m in Sources */ = {isa = PBXBuildFile; fileRef = 49596E221BA8005600420789 /* RootViewController.m */; };
		49596E261BA80D6700420789 /* DetailViewController.m in Sources */ = {isa = PBXBuildFile; fileRef = 49596E251BA80D6700420789 /* DetailViewController.m */; };
		49596E291BA8204D00420789 /* LoginViewController.m in Sources */ = {isa = PBXBuildFile; fileRef = 49596E281BA8204D00420789 /* LoginViewController.m */; };
/* End PBXBuildFile section */

/* Begin PBXContainerItemProxy section */
		49596E121BA8002B00420789 /* PBXContainerItemProxy */ = {
			isa = PBXContainerItemProxy;
			containerPortal = 49596DF61BA8002B00420789 /* Project object */;
			proxyType = 1;
			remoteGlobalIDString = 49596DFD1BA8002B00420789;
			remoteInfo = "UI13_block高级";
		};
/* End PBXContainerItemProxy section */

/* Begin PBXFileReference section */
		49596DFE1BA8002B00420789 /* UI13_block高级.app */ = {isa = PBXFileReference; explicitFileType = wrapper.application; includeInIndex = 0; path = "UI13_block高级.app"; sourceTree = BUILT_PRODUCTS_DIR; };
		49596E021BA8002B00420789 /* Info.plist */ = {isa = PBXFileReference; lastKnownFileType = text.plist.xml; path = Info.plist; sourceTree = "<group>"; };
		49596E031BA8002B00420789 /* main.m */ = {isa = PBXFileReference; lastKnownFileType = sourcecode.c.objc; path = main.m; sourceTree = "<group>"; };
		49596E051BA8002B00420789 /* AppDelegate.h */ = {isa = PBXFileReference; lastKnownFileType = sourcecode.c.h; path = AppDelegate.h; sourceTree = "<group>"; };
		49596E061BA8002B00420789 /* AppDelegate.m */ = {isa = PBXFileReference; lastKnownFileType = sourcecode.c.objc; path = AppDelegate.m; sourceTree = "<group>"; };
		49596E081BA8002B00420789 /* Images.xcassets */ = {isa = PBXFileReference; lastKnownFileType = folder.assetcatalog; path = Images.xcassets; sourceTree = "<group>"; };
		49596E0B1BA8002B00420789 /* Base */ = {isa = PBXFileReference; lastKnownFileType = file.xib; name = Base; path = Base.lproj/LaunchScreen.xib; sourceTree = "<group>"; };
		49596E111BA8002B00420789 /* UI13_block高级Tests.xctest */ = {isa = PBXFileReference; explicitFileType = wrapper.cfbundle; includeInIndex = 0; path = "UI13_block高级Tests.xctest"; sourceTree = BUILT_PRODUCTS_DIR; };
		49596E161BA8002B00420789 /* Info.plist */ = {isa = PBXFileReference; lastKnownFileType = text.plist.xml; path = Info.plist; sourceTree = "<group>"; };
		49596E171BA8002B00420789 /* UI13_block__Tests.m */ = {isa = PBXFileReference; lastKnownFileType = sourcecode.c.objc; path = UI13_block__Tests.m; sourceTree = "<group>"; };
		49596E211BA8005600420789 /* RootViewController.h */ = {isa = PBXFileReference; fileEncoding = 4; lastKnownFileType = sourcecode.c.h; path = RootViewController.h; sourceTree = "<group>"; };
		49596E221BA8005600420789 /* RootViewController.m */ = {isa = PBXFileReference; fileEncoding = 4; lastKnownFileType = sourcecode.c.objc; path = RootViewController.m; sourceTree = "<group>"; };
		49596E241BA80D6700420789 /* DetailViewController.h */ = {isa = PBXFileReference; fileEncoding = 4; lastKnownFileType = sourcecode.c.h; path = DetailViewController.h; sourceTree = "<group>"; };
		49596E251BA80D6700420789 /* DetailViewController.m */ = {isa = PBXFileReference; fileEncoding = 4; lastKnownFileType = sourcecode.c.objc; path = DetailViewController.m; sourceTree = "<group>"; };
		49596E271BA8204D00420789 /* LoginViewController.h */ = {isa = PBXFileReference; fileEncoding = 4; lastKnownFileType = sourcecode.c.h; path = LoginViewController.h; sourceTree = "<group>"; };
		49596E281BA8204D00420789 /* LoginViewController.m */ = {isa = PBXFileReference; fileEncoding = 4; lastKnownFileType = sourcecode.c.objc; path = LoginViewController.m; sourceTree = "<group>"; };
/* End PBXFileReference section */

/* Begin PBXFrameworksBuildPhase section */
		49596DFB1BA8002B00420789 /* Frameworks */ = {
			isa = PBXFrameworksBuildPhase;
			buildActionMask = 2147483647;
			files = (
			);
			runOnlyForDeploymentPostprocessing = 0;
		};
		49596E0E1BA8002B00420789 /* Frameworks */ = {
			isa = PBXFrameworksBuildPhase;
			buildActionMask = 2147483647;
			files = (
			);
			runOnlyForDeploymentPostprocessing = 0;
		};
/* End PBXFrameworksBuildPhase section */

/* Begin PBXGroup section */
		49596DF51BA8002B00420789 = {
			isa = PBXGroup;
			children = (
				49596E001BA8002B00420789 /* UI13_block高级 */,
				49596E141BA8002B00420789 /* UI13_block高级Tests */,
				49596DFF1BA8002B00420789 /* Products */,
			);
			sourceTree = "<group>";
		};
		49596DFF1BA8002B00420789 /* Products */ = {
			isa = PBXGroup;
			children = (
				49596DFE1BA8002B00420789 /* UI13_block高级.app */,
				49596E111BA8002B00420789 /* UI13_block高级Tests.xctest */,
			);
			name = Products;
			sourceTree = "<group>";
		};
		49596E001BA8002B00420789 /* UI13_block高级 */ = {
			isa = PBXGroup;
			children = (
				49596E051BA8002B00420789 /* AppDelegate.h */,
				49596E061BA8002B00420789 /* AppDelegate.m */,
				49596E211BA8005600420789 /* RootViewController.h */,
				49596E221BA8005600420789 /* RootViewController.m */,
				49596E271BA8204D00420789 /* LoginViewController.h */,
				49596E281BA8204D00420789 /* LoginViewController.m */,
				49596E241BA80D6700420789 /* DetailViewController.h */,
				49596E251BA80D6700420789 /* DetailViewController.m */,
				49596E081BA8002B00420789 /* Images.xcassets */,
				49596E0A1BA8002B00420789 /* LaunchScreen.xib */,
				49596E011BA8002B00420789 /* Supporting Files */,
			);
			path = "UI13_block高级";
			sourceTree = "<group>";
		};
		49596E011BA8002B00420789 /* Supporting Files */ = {
			isa = PBXGroup;
			children = (
				49596E021BA8002B00420789 /* Info.plist */,
				49596E031BA8002B00420789 /* main.m */,
			);
			name = "Supporting Files";
			sourceTree = "<group>";
		};
		49596E141BA8002B00420789 /* UI13_block高级Tests */ = {
			isa = PBXGroup;
			children = (
				49596E171BA8002B00420789 /* UI13_block__Tests.m */,
				49596E151BA8002B00420789 /* Supporting Files */,
			);
			path = "UI13_block高级Tests";
			sourceTree = "<group>";
		};
		49596E151BA8002B00420789 /* Supporting Files */ = {
			isa = PBXGroup;
			children = (
				49596E161BA8002B00420789 /* Info.plist */,
			);
			name = "Supporting Files";
			sourceTree = "<group>";
		};
/* End PBXGroup section */

/* Begin PBXNativeTarget section */
		49596DFD1BA8002B00420789 /* UI13_block高级 */ = {
			isa = PBXNativeTarget;
			buildConfigurationList = 49596E1B1BA8002B00420789 /* Build configuration list for PBXNativeTarget "UI13_block高级" */;
			buildPhases = (
				49596DFA1BA8002B00420789 /* Sources */,
				49596DFB1BA8002B00420789 /* Frameworks */,
				49596DFC1BA8002B00420789 /* Resources */,
			);
			buildRules = (
			);
			dependencies = (
			);
			name = "UI13_block高级";
			productName = "UI13_block高级";
			productReference = 49596DFE1BA8002B00420789 /* UI13_block高级.app */;
			productType = "com.apple.product-type.application";
		};
		49596E101BA8002B00420789 /* UI13_block高级Tests */ = {
			isa = PBXNativeTarget;
			buildConfigurationList = 49596E1E1BA8002B00420789 /* Build configuration list for PBXNativeTarget "UI13_block高级Tests" */;
			buildPhases = (
				49596E0D1BA8002B00420789 /* Sources */,
				49596E0E1BA8002B00420789 /* Frameworks */,
				49596E0F1BA8002B00420789 /* Resources */,
			);
			buildRules = (
			);
			dependencies = (
				49596E131BA8002B00420789 /* PBXTargetDependency */,
			);
			name = "UI13_block高级Tests";
			productName = "UI13_block高级Tests";
			productReference = 49596E111BA8002B00420789 /* UI13_block高级Tests.xctest */;
			productType = "com.apple.product-type.bundle.unit-test";
		};
/* End PBXNativeTarget section */

/* Begin PBXProject section */
		49596DF61BA8002B00420789 /* Project object */ = {
			isa = PBXProject;
			attributes = {
				LastUpgradeCheck = 0640;
				ORGANIZATIONNAME = "蓝鸥科技";
				TargetAttributes = {
					49596DFD1BA8002B00420789 = {
						CreatedOnToolsVersion = 6.4;
					};
					49596E101BA8002B00420789 = {
						CreatedOnToolsVersion = 6.4;
						TestTargetID = 49596DFD1BA8002B00420789;
					};
				};
			};
			buildConfigurationList = 49596DF91BA8002B00420789 /* Build configuration list for PBXProject "UI13_block高级" */;
			compatibilityVersion = "Xcode 3.2";
			developmentRegion = English;
			hasScannedForEncodings = 0;
			knownRegions = (
				en,
				Base,
			);
			mainGroup = 49596DF51BA8002B00420789;
			productRefGroup = 49596DFF1BA8002B00420789 /* Products */;
			projectDirPath = "";
			projectRoot = "";
			targets = (
				49596DFD1BA8002B00420789 /* UI13_block高级 */,
				49596E101BA8002B00420789 /* UI13_block高级Tests */,
			);
		};
/* End PBXProject section */

/* Begin PBXResourcesBuildPhase section */
		49596DFC1BA8002B00420789 /* Resources */ = {
			isa = PBXResourcesBuildPhase;
			buildActionMask = 2147483647;
			files = (
				49596E0C1BA8002B00420789 /* LaunchScreen.xib in Resources */,
				49596E091BA8002B00420789 /* Images.xcassets in Resources */,
			);
			runOnlyForDeploymentPostprocessing = 0;
		};
		49596E0F1BA8002B00420789 /* Resources */ = {
			isa = PBXResourcesBuildPhase;
			buildActionMask = 2147483647;
			files = (
			);
			runOnlyForDeploymentPostprocessing = 0;
		};
/* End PBXResourcesBuildPhase section */

/* Begin PBXSourcesBuildPhase section */
		49596DFA1BA8002B00420789 /* Sources */ = {
			isa = PBXSourcesBuildPhase;
			buildActionMask = 2147483647;
			files = (
				49596E071BA8002B00420789 /* AppDelegate.m in Sources */,
				49596E041BA8002B00420789 /* main.m in Sources */,
				49596E231BA8005600420789 /* RootViewController.m in Sources */,
				49596E261BA80D6700420789 /* DetailViewController.m in Sources */,
				49596E291BA8204D00420789 /* LoginViewController.m in Sources */,
			);
			runOnlyForDeploymentPostprocessing = 0;
		};
		49596E0D1BA8002B00420789 /* Sources */ = {
			isa = PBXSourcesBuildPhase;
			buildActionMask = 2147483647;
			files = (
				49596E181BA8002B00420789 /* UI13_block__Tests.m in Sources */,
			);
			runOnlyForDeploymentPostprocessing = 0;
		};
/* End PBXSourcesBuildPhase section */

/* Begin PBXTargetDependency section */
		49596E131BA8002B00420789 /* PBXTargetDependency */ = {
			isa = PBXTargetDependency;
			target = 49596DFD1BA8002B00420789 /* UI13_block高级 */;
			targetProxy = 49596E121BA8002B00420789 /* PBXContainerItemProxy */;
		};
/* End PBXTargetDependency section */

/* Begin PBXVariantGroup section */
		49596E0A1BA8002B00420789 /* LaunchScreen.xib */ = {
			isa = PBXVariantGroup;
			children = (
				49596E0B1BA8002B00420789 /* Base */,
			);
			name = LaunchScreen.xib;
			sourceTree = "<group>";
		};
/* End PBXVariantGroup section */

/* Begin XCBuildConfiguration section */
		49596E191BA8002B00420789 /* Debug */ = {
			isa = XCBuildConfiguration;
			buildSettings = {
				ALWAYS_SEARCH_USER_PATHS = NO;
				CLANG_CXX_LANGUAGE_STANDARD = "gnu++0x";
				CLANG_CXX_LIBRARY = "libc++";
				CLANG_ENABLE_MODULES = YES;
				CLANG_ENABLE_OBJC_ARC = YES;
				CLANG_WARN_BOOL_CONVERSION = YES;
				CLANG_WARN_CONSTANT_CONVERSION = YES;
				CLANG_WARN_DIRECT_OBJC_ISA_USAGE = YES_ERROR;
				CLANG_WARN_EMPTY_BODY = YES;
				CLANG_WARN_ENUM_CONVERSION = YES;
				CLANG_WARN_INT_CONVERSION = YES;
				CLANG_WARN_OBJC_ROOT_CLASS = YES_ERROR;
				CLANG_WARN_UNREACHABLE_CODE = YES;
				CLANG_WARN__DUPLICATE_METHOD_MATCH = YES;
				"CODE_SIGN_IDENTITY[sdk=iphoneos*]" = "iPhone Developer";
				COPY_PHASE_STRIP = NO;
				DEBUG_INFORMATION_FORMAT = "dwarf-with-dsym";
				ENABLE_STRICT_OBJC_MSGSEND = YES;
				GCC_C_LANGUAGE_STANDARD = gnu99;
				GCC_DYNAMIC_NO_PIC = NO;
				GCC_NO_COMMON_BLOCKS = YES;
				GCC_OPTIMIZATION_LEVEL = 0;
				GCC_PREPROCESSOR_DEFINITIONS = (
					"DEBUG=1",
					"$(inherited)",
				);
				GCC_SYMBOLS_PRIVATE_EXTERN = NO;
				GCC_WARN_64_TO_32_BIT_CONVERSION = YES;
				GCC_WARN_ABOUT_RETURN_TYPE = YES_ERROR;
				GCC_WARN_UNDECLARED_SELECTOR = YES;
				GCC_WARN_UNINITIALIZED_AUTOS = YES_AGGRESSIVE;
				GCC_WARN_UNUSED_FUNCTION = YES;
				GCC_WARN_UNUSED_VARIABLE = YES;
				IPHONEOS_DEPLOYMENT_TARGET = 8.4;
				MTL_ENABLE_DEBUG_INFO = YES;
				ONLY_ACTIVE_ARCH = YES;
				SDKROOT = iphoneos;
			};
			name = Debug;
		};
		49596E1A1BA8002B00420789 /* Release */ = {
			isa = XCBuildConfiguration;
			buildSettings = {
				ALWAYS_SEARCH_USER_PATHS = NO;
				CLANG_CXX_LANGUAGE_STANDARD = "gnu++0x";
				CLANG_CXX_LIBRARY = "libc++";
				CLANG_ENABLE_MODULES = YES;
				CLANG_ENABLE_OBJC_ARC = YES;
				CLANG_WARN_BOOL_CONVERSION = YES;
				CLANG_WARN_CONSTANT_CONVERSION = YES;
				CLANG_WARN_DIRECT_OBJC_ISA_USAGE = YES_ERROR;
				CLANG_WARN_EMPTY_BODY = YES;
				CLANG_WARN_ENUM_CONVERSION = YES;
				CLANG_WARN_INT_CONVERSION = YES;
				CLANG_WARN_OBJC_ROOT_CLASS = YES_ERROR;
				CLANG_WARN_UNREACHABLE_CODE = YES;
				CLANG_WARN__DUPLICATE_METHOD_MATCH = YES;
				"CODE_SIGN_IDENTITY[sdk=iphoneos*]" = "iPhone Developer";
				COPY_PHASE_STRIP = NO;
				DEBUG_INFORMATION_FORMAT = "dwarf-with-dsym";
				ENABLE_NS_ASSERTIONS = NO;
				ENABLE_STRICT_OBJC_MSGSEND = YES;
				GCC_C_LANGUAGE_STANDARD = gnu99;
				GCC_NO_COMMON_BLOCKS = YES;
				GCC_WARN_64_TO_32_BIT_CONVERSION = YES;
				GCC_WARN_ABOUT_RETURN_TYPE = YES_ERROR;
				GCC_WARN_UNDECLARED_SELECTOR = YES;
				GCC_WARN_UNINITIALIZED_AUTOS = YES_AGGRESSIVE;
				GCC_WARN_UNUSED_FUNCTION = YES;
				GCC_WARN_UNUSED_VARIABLE = YES;
				IPHONEOS_DEPLOYMENT_TARGET = 8.4;
				MTL_ENABLE_DEBUG_INFO = NO;
				SDKROOT = iphoneos;
				VALIDATE_PRODUCT = YES;
			};
			name = Release;
		};
		49596E1C1BA8002B00420789 /* Debug */ = {
			isa = XCBuildConfiguration;
			buildSettings = {
				ASSETCATALOG_COMPILER_APPICON_NAME = AppIcon;
				CLANG_ENABLE_OBJC_ARC = NO;
				INFOPLIST_FILE = "UI13_block高级/Info.plist";
				LD_RUNPATH_SEARCH_PATHS = "$(inherited) @executable_path/Frameworks";
				PRODUCT_NAME = "$(TARGET_NAME)";
			};
			name = Debug;
		};
		49596E1D1BA8002B00420789 /* Release */ = {
			isa = XCBuildConfiguration;
			buildSettings = {
				ASSETCATALOG_COMPILER_APPICON_NAME = AppIcon;
				CLANG_ENABLE_OBJC_ARC = NO;
				INFOPLIST_FILE = "UI13_block高级/Info.plist";
				LD_RUNPATH_SEARCH_PATHS = "$(inherited) @executable_path/Frameworks";
				PRODUCT_NAME = "$(TARGET_NAME)";
			};
			name = Release;
		};
		49596E1F1BA8002B00420789 /* Debug */ = {
			isa = XCBuildConfiguration;
			buildSettings = {
				BUNDLE_LOADER = "$(TEST_HOST)";
				FRAMEWORK_SEARCH_PATHS = (
					"$(SDKROOT)/Developer/Library/Frameworks",
					"$(inherited)",
				);
				GCC_PREPROCESSOR_DEFINITIONS = (
					"DEBUG=1",
					"$(inherited)",
				);
				INFOPLIST_FILE = "UI13_block高级Tests/Info.plist";
				LD_RUNPATH_SEARCH_PATHS = "$(inherited) @executable_path/Frameworks @loader_path/Frameworks";
				PRODUCT_NAME = "$(TARGET_NAME)";
				TEST_HOST = "$(BUILT_PRODUCTS_DIR)/UI13_block高级.app/UI13_block高级";
			};
			name = Debug;
		};
		49596E201BA8002B00420789 /* Release */ = {
			isa = XCBuildConfiguration;
			buildSettings = {
				BUNDLE_LOADER = "$(TEST_HOST)";
				FRAMEWORK_SEARCH_PATHS = (
					"$(SDKROOT)/Developer/Library/Frameworks",
					"$(inherited)",
				);
				INFOPLIST_FILE = "UI13_block高级Tests/Info.plist";
				LD_RUNPATH_SEARCH_PATHS = "$(inherited) @executable_path/Frameworks @loader_path/Frameworks";
				PRODUCT_NAME = "$(TARGET_NAME)";
				TEST_HOST = "$(BUILT_PRODUCTS_DIR)/UI13_block高级.app/UI13_block高级";
			};
			name = Release;
		};
/* End XCBuildConfiguration section */

/* Begin XCConfigurationList section */
		49596DF91BA8002B00420789 /* Build configuration list for PBXProject "UI13_block高级" */ = {
			isa = XCConfigurationList;
			buildConfigurations = (
				49596E191BA8002B00420789 /* Debug */,
				49596E1A1BA8002B00420789 /* Release */,
			);
			defaultConfigurationIsVisible = 0;
			defaultConfigurationName = Release;
		};
		49596E1B1BA8002B00420789 /* Build configuration list for PBXNativeTarget "UI13_block高级" */ = {
			isa = XCConfigurationList;
			buildConfigurations = (
				49596E1C1BA8002B00420789 /* Debug */,
				49596E1D1BA8002B00420789 /* Release */,
			);
			defaultConfigurationIsVisible = 0;
		};
		49596E1E1BA8002B00420789 /* Build configuration list for PBXNativeTarget "UI13_block高级Tests" */ = {
			isa = XCConfigurationList;
			buildConfigurations = (
				49596E1F1BA8002B00420789 /* Debug */,
				49596E201BA8002B00420789 /* Release */,
			);
			defaultConfigurationIsVisible = 0;
		};
/* End XCConfigurationList section */
	};
	rootObject = 49596DF61BA8002B00420789 /* Project object */;
}
