// !$*UTF8*$!
{
	archiveVersion = 1;
	classes = {
	};
	objectVersion = 46;
	objects = {

/* Begin PBXBuildFile section */
		498E67351B8D53690043D115 /* main.m in Sources */ = {isa = PBXBuildFile; fileRef = 498E67341B8D53690043D115 /* main.m */; };
		498E673D1B8D59480043D115 /* Student.m in Sources */ = {isa = PBXBuildFile; fileRef = 498E673C1B8D59480043D115 /* Student.m */; };
		498E67401B8D5A9B0043D115 /* Teacher.m in Sources */ = {isa = PBXBuildFile; fileRef = 498E673F1B8D5A9B0043D115 /* Teacher.m */; };
/* End PBXBuildFile section */

/* Begin PBXCopyFilesBuildPhase section */
		498E672F1B8D53690043D115 /* CopyFiles */ = {
			isa = PBXCopyFilesBuildPhase;
			buildActionMask = 2147483647;
			dstPath = /usr/share/man/man1/;
			dstSubfolderSpec = 0;
			files = (
			);
			runOnlyForDeploymentPostprocessing = 1;
		};
/* End PBXCopyFilesBuildPhase section */

/* Begin PBXFileReference section */
		498E67311B8D53690043D115 /* OC09_内存管理初级 */ = {isa = PBXFileReference; explicitFileType = "compiled.mach-o.executable"; includeInIndex = 0; path = "OC09_内存管理初级"; sourceTree = BUILT_PRODUCTS_DIR; };
		498E67341B8D53690043D115 /* main.m */ = {isa = PBXFileReference; lastKnownFileType = sourcecode.c.objc; path = main.m; sourceTree = "<group>"; };
		498E673B1B8D59480043D115 /* Student.h */ = {isa = PBXFileReference; fileEncoding = 4; lastKnownFileType = sourcecode.c.h; path = Student.h; sourceTree = "<group>"; };
		498E673C1B8D59480043D115 /* Student.m */ = {isa = PBXFileReference; fileEncoding = 4; lastKnownFileType = sourcecode.c.objc; path = Student.m; sourceTree = "<group>"; };
		498E673E1B8D5A9B0043D115 /* Teacher.h */ = {isa = PBXFileReference; fileEncoding = 4; lastKnownFileType = sourcecode.c.h; path = Teacher.h; sourceTree = "<group>"; };
		498E673F1B8D5A9B0043D115 /* Teacher.m */ = {isa = PBXFileReference; fileEncoding = 4; lastKnownFileType = sourcecode.c.objc; path = Teacher.m; sourceTree = "<group>"; };
/* End PBXFileReference section */

/* Begin PBXFrameworksBuildPhase section */
		498E672E1B8D53690043D115 /* Frameworks */ = {
			isa = PBXFrameworksBuildPhase;
			buildActionMask = 2147483647;
			files = (
			);
			runOnlyForDeploymentPostprocessing = 0;
		};
/* End PBXFrameworksBuildPhase section */

/* Begin PBXGroup section */
		498E67281B8D53690043D115 = {
			isa = PBXGroup;
			children = (
				498E67331B8D53690043D115 /* OC09_内存管理初级 */,
				498E67321B8D53690043D115 /* Products */,
			);
			sourceTree = "<group>";
		};
		498E67321B8D53690043D115 /* Products */ = {
			isa = PBXGroup;
			children = (
				498E67311B8D53690043D115 /* OC09_内存管理初级 */,
			);
			name = Products;
			sourceTree = "<group>";
		};
		498E67331B8D53690043D115 /* OC09_内存管理初级 */ = {
			isa = PBXGroup;
			children = (
				498E67341B8D53690043D115 /* main.m */,
				498E673B1B8D59480043D115 /* Student.h */,
				498E673C1B8D59480043D115 /* Student.m */,
				498E673E1B8D5A9B0043D115 /* Teacher.h */,
				498E673F1B8D5A9B0043D115 /* Teacher.m */,
			);
			path = "OC09_内存管理初级";
			sourceTree = "<group>";
		};
/* End PBXGroup section */

/* Begin PBXNativeTarget section */
		498E67301B8D53690043D115 /* OC09_内存管理初级 */ = {
			isa = PBXNativeTarget;
			buildConfigurationList = 498E67381B8D53690043D115 /* Build configuration list for PBXNativeTarget "OC09_内存管理初级" */;
			buildPhases = (
				498E672D1B8D53690043D115 /* Sources */,
				498E672E1B8D53690043D115 /* Frameworks */,
				498E672F1B8D53690043D115 /* CopyFiles */,
			);
			buildRules = (
			);
			dependencies = (
			);
			name = "OC09_内存管理初级";
			productName = "OC09_内存管理初级";
			productReference = 498E67311B8D53690043D115 /* OC09_内存管理初级 */;
			productType = "com.apple.product-type.tool";
		};
/* End PBXNativeTarget section */

/* Begin PBXProject section */
		498E67291B8D53690043D115 /* Project object */ = {
			isa = PBXProject;
			attributes = {
				LastUpgradeCheck = 0630;
				ORGANIZATIONNAME = "蓝鸥科技";
				TargetAttributes = {
					498E67301B8D53690043D115 = {
						CreatedOnToolsVersion = 6.3;
					};
				};
			};
			buildConfigurationList = 498E672C1B8D53690043D115 /* Build configuration list for PBXProject "OC09_内存管理初级" */;
			compatibilityVersion = "Xcode 3.2";
			developmentRegion = English;
			hasScannedForEncodings = 0;
			knownRegions = (
				en,
			);
			mainGroup = 498E67281B8D53690043D115;
			productRefGroup = 498E67321B8D53690043D115 /* Products */;
			projectDirPath = "";
			projectRoot = "";
			targets = (
				498E67301B8D53690043D115 /* OC09_内存管理初级 */,
			);
		};
/* End PBXProject section */

/* Begin PBXSourcesBuildPhase section */
		498E672D1B8D53690043D115 /* Sources */ = {
			isa = PBXSourcesBuildPhase;
			buildActionMask = 2147483647;
			files = (
				498E67401B8D5A9B0043D115 /* Teacher.m in Sources */,
				498E67351B8D53690043D115 /* main.m in Sources */,
				498E673D1B8D59480043D115 /* Student.m in Sources */,
			);
			runOnlyForDeploymentPostprocessing = 0;
		};
/* End PBXSourcesBuildPhase section */

/* Begin XCBuildConfiguration section */
		498E67361B8D53690043D115 /* Debug */ = {
			isa = XCBuildConfiguration;
			buildSettings = {
				ALWAYS_SEARCH_USER_PATHS = NO;
				CLANG_CXX_LANGUAGE_STANDARD = "gnu++0x";
				CLANG_CXX_LIBRARY = "libc++";
				CLANG_ENABLE_MODULES = YES;
				CLANG_ENABLE_OBJC_ARC = YES;
				CLANG_WARN_BOOL_CONVERSION = YES;
				CLANG_WARN_CONSTANT_CONVERSION = YES;
				CLANG_WARN_DIRECT_OBJC_ISA_USAGE = YES_ERROR;
				CLANG_WARN_EMPTY_BODY = YES;
				CLANG_WARN_ENUM_CONVERSION = YES;
				CLANG_WARN_INT_CONVERSION = YES;
				CLANG_WARN_OBJC_ROOT_CLASS = YES_ERROR;
				CLANG_WARN_UNREACHABLE_CODE = YES;
				CLANG_WARN__DUPLICATE_METHOD_MATCH = YES;
				COPY_PHASE_STRIP = NO;
				DEBUG_INFORMATION_FORMAT = dwarf;
				ENABLE_STRICT_OBJC_MSGSEND = YES;
				GCC_C_LANGUAGE_STANDARD = gnu99;
				GCC_DYNAMIC_NO_PIC = NO;
				GCC_NO_COMMON_BLOCKS = YES;
				GCC_OPTIMIZATION_LEVEL = 0;
				GCC_PREPROCESSOR_DEFINITIONS = (
					"DEBUG=1",
					"$(inherited)",
				);
				GCC_SYMBOLS_PRIVATE_EXTERN = NO;
				GCC_WARN_64_TO_32_BIT_CONVERSION = YES;
				GCC_WARN_ABOUT_RETURN_TYPE = YES_ERROR;
				GCC_WARN_UNDECLARED_SELECTOR = YES;
				GCC_WARN_UNINITIALIZED_AUTOS = YES_AGGRESSIVE;
				GCC_WARN_UNUSED_FUNCTION = YES;
				GCC_WARN_UNUSED_VARIABLE = YES;
				MACOSX_DEPLOYMENT_TARGET = 10.10;
				MTL_ENABLE_DEBUG_INFO = YES;
				ONLY_ACTIVE_ARCH = YES;
				SDKROOT = macosx;
			};
			name = Debug;
		};
		498E67371B8D53690043D115 /* Release */ = {
			isa = XCBuildConfiguration;
			buildSettings = {
				ALWAYS_SEARCH_USER_PATHS = NO;
				CLANG_CXX_LANGUAGE_STANDARD = "gnu++0x";
				CLANG_CXX_LIBRARY = "libc++";
				CLANG_ENABLE_MODULES = YES;
				CLANG_ENABLE_OBJC_ARC = YES;
				CLANG_WARN_BOOL_CONVERSION = YES;
				CLANG_WARN_CONSTANT_CONVERSION = YES;
				CLANG_WARN_DIRECT_OBJC_ISA_USAGE = YES_ERROR;
				CLANG_WARN_EMPTY_BODY = YES;
				CLANG_WARN_ENUM_CONVERSION = YES;
				CLANG_WARN_INT_CONVERSION = YES;
				CLANG_WARN_OBJC_ROOT_CLASS = YES_ERROR;
				CLANG_WARN_UNREACHABLE_CODE = YES;
				CLANG_WARN__DUPLICATE_METHOD_MATCH = YES;
				COPY_PHASE_STRIP = NO;
				DEBUG_INFORMATION_FORMAT = "dwarf-with-dsym";
				ENABLE_NS_ASSERTIONS = NO;
				ENABLE_STRICT_OBJC_MSGSEND = YES;
				GCC_C_LANGUAGE_STANDARD = gnu99;
				GCC_NO_COMMON_BLOCKS = YES;
				GCC_WARN_64_TO_32_BIT_CONVERSION = YES;
				GCC_WARN_ABOUT_RETURN_TYPE = YES_ERROR;
				GCC_WARN_UNDECLARED_SELECTOR = YES;
				GCC_WARN_UNINITIALIZED_AUTOS = YES_AGGRESSIVE;
				GCC_WARN_UNUSED_FUNCTION = YES;
				GCC_WARN_UNUSED_VARIABLE = YES;
				MACOSX_DEPLOYMENT_TARGET = 10.10;
				MTL_ENABLE_DEBUG_INFO = NO;
				SDKROOT = macosx;
			};
			name = Release;
		};
		498E67391B8D53690043D115 /* Debug */ = {
			isa = XCBuildConfiguration;
			buildSettings = {
				CLANG_ENABLE_OBJC_ARC = NO;
				PRODUCT_NAME = "$(TARGET_NAME)";
			};
			name = Debug;
		};
		498E673A1B8D53690043D115 /* Release */ = {
			isa = XCBuildConfiguration;
			buildSettings = {
				CLANG_ENABLE_OBJC_ARC = NO;
				PRODUCT_NAME = "$(TARGET_NAME)";
			};
			name = Release;
		};
/* End XCBuildConfiguration section */

/* Begin XCConfigurationList section */
		498E672C1B8D53690043D115 /* Build configuration list for PBXProject "OC09_内存管理初级" */ = {
			isa = XCConfigurationList;
			buildConfigurations = (
				498E67361B8D53690043D115 /* Debug */,
				498E67371B8D53690043D115 /* Release */,
			);
			defaultConfigurationIsVisible = 0;
			defaultConfigurationName = Release;
		};
		498E67381B8D53690043D115 /* Build configuration list for PBXNativeTarget "OC09_内存管理初级" */ = {
			isa = XCConfigurationList;
			buildConfigurations = (
				498E67391B8D53690043D115 /* Debug */,
				498E673A1B8D53690043D115 /* Release */,
			);
			defaultConfigurationIsVisible = 0;
		};
/* End XCConfigurationList section */
	};
	rootObject = 498E67291B8D53690043D115 /* Project object */;
}
