// !$*UTF8*$!
{
	archiveVersion = 1;
	classes = {
	};
	objectVersion = 46;
	objects = {

/* Begin PBXBuildFile section */
		4958149D1B8AB8EE0052D621 /* main.m in Sources */ = {isa = PBXBuildFile; fileRef = 4958149C1B8AB8EE0052D621 /* main.m */; };
/* End PBXBuildFile section */

/* Begin PBXCopyFilesBuildPhase section */
		495814971B8AB8EE0052D621 /* CopyFiles */ = {
			isa = PBXCopyFilesBuildPhase;
			buildActionMask = 2147483647;
			dstPath = /usr/share/man/man1/;
			dstSubfolderSpec = 0;
			files = (
			);
			runOnlyForDeploymentPostprocessing = 1;
		};
/* End PBXCopyFilesBuildPhase section */

/* Begin PBXFileReference section */
		495814991B8AB8EE0052D621 /* OC07_NSDate */ = {isa = PBXFileReference; explicitFileType = "compiled.mach-o.executable"; includeInIndex = 0; path = OC07_NSDate; sourceTree = BUILT_PRODUCTS_DIR; };
		4958149C1B8AB8EE0052D621 /* main.m */ = {isa = PBXFileReference; lastKnownFileType = sourcecode.c.objc; path = main.m; sourceTree = "<group>"; };
/* End PBXFileReference section */

/* Begin PBXFrameworksBuildPhase section */
		495814961B8AB8EE0052D621 /* Frameworks */ = {
			isa = PBXFrameworksBuildPhase;
			buildActionMask = 2147483647;
			files = (
			);
			runOnlyForDeploymentPostprocessing = 0;
		};
/* End PBXFrameworksBuildPhase section */

/* Begin PBXGroup section */
		495814901B8AB8EE0052D621 = {
			isa = PBXGroup;
			children = (
				4958149B1B8AB8EE0052D621 /* OC07_NSDate */,
				4958149A1B8AB8EE0052D621 /* Products */,
			);
			sourceTree = "<group>";
		};
		4958149A1B8AB8EE0052D621 /* Products */ = {
			isa = PBXGroup;
			children = (
				495814991B8AB8EE0052D621 /* OC07_NSDate */,
			);
			name = Products;
			sourceTree = "<group>";
		};
		4958149B1B8AB8EE0052D621 /* OC07_NSDate */ = {
			isa = PBXGroup;
			children = (
				4958149C1B8AB8EE0052D621 /* main.m */,
			);
			path = OC07_NSDate;
			sourceTree = "<group>";
		};
/* End PBXGroup section */

/* Begin PBXNativeTarget section */
		495814981B8AB8EE0052D621 /* OC07_NSDate */ = {
			isa = PBXNativeTarget;
			buildConfigurationList = 495814A01B8AB8EE0052D621 /* Build configuration list for PBXNativeTarget "OC07_NSDate" */;
			buildPhases = (
				495814951B8AB8EE0052D621 /* Sources */,
				495814961B8AB8EE0052D621 /* Frameworks */,
				495814971B8AB8EE0052D621 /* CopyFiles */,
			);
			buildRules = (
			);
			dependencies = (
			);
			name = OC07_NSDate;
			productName = OC07_NSDate;
			productReference = 495814991B8AB8EE0052D621 /* OC07_NSDate */;
			productType = "com.apple.product-type.tool";
		};
/* End PBXNativeTarget section */

/* Begin PBXProject section */
		495814911B8AB8EE0052D621 /* Project object */ = {
			isa = PBXProject;
			attributes = {
				LastUpgradeCheck = 0630;
				ORGANIZATIONNAME = "蓝鸥科技";
				TargetAttributes = {
					495814981B8AB8EE0052D621 = {
						CreatedOnToolsVersion = 6.3;
					};
				};
			};
			buildConfigurationList = 495814941B8AB8EE0052D621 /* Build configuration list for PBXProject "OC07_NSDate" */;
			compatibilityVersion = "Xcode 3.2";
			developmentRegion = English;
			hasScannedForEncodings = 0;
			knownRegions = (
				en,
			);
			mainGroup = 495814901B8AB8EE0052D621;
			productRefGroup = 4958149A1B8AB8EE0052D621 /* Products */;
			projectDirPath = "";
			projectRoot = "";
			targets = (
				495814981B8AB8EE0052D621 /* OC07_NSDate */,
			);
		};
/* End PBXProject section */

/* Begin PBXSourcesBuildPhase section */
		495814951B8AB8EE0052D621 /* Sources */ = {
			isa = PBXSourcesBuildPhase;
			buildActionMask = 2147483647;
			files = (
				4958149D1B8AB8EE0052D621 /* main.m in Sources */,
			);
			runOnlyForDeploymentPostprocessing = 0;
		};
/* End PBXSourcesBuildPhase section */

/* Begin XCBuildConfiguration section */
		4958149E1B8AB8EE0052D621 /* Debug */ = {
			isa = XCBuildConfiguration;
			buildSettings = {
				ALWAYS_SEARCH_USER_PATHS = NO;
				CLANG_CXX_LANGUAGE_STANDARD = "gnu++0x";
				CLANG_CXX_LIBRARY = "libc++";
				CLANG_ENABLE_MODULES = YES;
				CLANG_ENABLE_OBJC_ARC = YES;
				CLANG_WARN_BOOL_CONVERSION = YES;
				CLANG_WARN_CONSTANT_CONVERSION = YES;
				CLANG_WARN_DIRECT_OBJC_ISA_USAGE = YES_ERROR;
				CLANG_WARN_EMPTY_BODY = YES;
				CLANG_WARN_ENUM_CONVERSION = YES;
				CLANG_WARN_INT_CONVERSION = YES;
				CLANG_WARN_OBJC_ROOT_CLASS = YES_ERROR;
				CLANG_WARN_UNREACHABLE_CODE = YES;
				CLANG_WARN__DUPLICATE_METHOD_MATCH = YES;
				COPY_PHASE_STRIP = NO;
				DEBUG_INFORMATION_FORMAT = dwarf;
				ENABLE_STRICT_OBJC_MSGSEND = YES;
				GCC_C_LANGUAGE_STANDARD = gnu99;
				GCC_DYNAMIC_NO_PIC = NO;
				GCC_NO_COMMON_BLOCKS = YES;
				GCC_OPTIMIZATION_LEVEL = 0;
				GCC_PREPROCESSOR_DEFINITIONS = (
					"DEBUG=1",
					"$(inherited)",
				);
				GCC_SYMBOLS_PRIVATE_EXTERN = NO;
				GCC_WARN_64_TO_32_BIT_CONVERSION = YES;
				GCC_WARN_ABOUT_RETURN_TYPE = YES_ERROR;
				GCC_WARN_UNDECLARED_SELECTOR = YES;
				GCC_WARN_UNINITIALIZED_AUTOS = YES_AGGRESSIVE;
				GCC_WARN_UNUSED_FUNCTION = YES;
				GCC_WARN_UNUSED_VARIABLE = YES;
				MACOSX_DEPLOYMENT_TARGET = 10.10;
				MTL_ENABLE_DEBUG_INFO = YES;
				ONLY_ACTIVE_ARCH = YES;
				SDKROOT = macosx;
			};
			name = Debug;
		};
		4958149F1B8AB8EE0052D621 /* Release */ = {
			isa = XCBuildConfiguration;
			buildSettings = {
				ALWAYS_SEARCH_USER_PATHS = NO;
				CLANG_CXX_LANGUAGE_STANDARD = "gnu++0x";
				CLANG_CXX_LIBRARY = "libc++";
				CLANG_ENABLE_MODULES = YES;
				CLANG_ENABLE_OBJC_ARC = YES;
				CLANG_WARN_BOOL_CONVERSION = YES;
				CLANG_WARN_CONSTANT_CONVERSION = YES;
				CLANG_WARN_DIRECT_OBJC_ISA_USAGE = YES_ERROR;
				CLANG_WARN_EMPTY_BODY = YES;
				CLANG_WARN_ENUM_CONVERSION = YES;
				CLANG_WARN_INT_CONVERSION = YES;
				CLANG_WARN_OBJC_ROOT_CLASS = YES_ERROR;
				CLANG_WARN_UNREACHABLE_CODE = YES;
				CLANG_WARN__DUPLICATE_METHOD_MATCH = YES;
				COPY_PHASE_STRIP = NO;
				DEBUG_INFORMATION_FORMAT = "dwarf-with-dsym";
				ENABLE_NS_ASSERTIONS = NO;
				ENABLE_STRICT_OBJC_MSGSEND = YES;
				GCC_C_LANGUAGE_STANDARD = gnu99;
				GCC_NO_COMMON_BLOCKS = YES;
				GCC_WARN_64_TO_32_BIT_CONVERSION = YES;
				GCC_WARN_ABOUT_RETURN_TYPE = YES_ERROR;
				GCC_WARN_UNDECLARED_SELECTOR = YES;
				GCC_WARN_UNINITIALIZED_AUTOS = YES_AGGRESSIVE;
				GCC_WARN_UNUSED_FUNCTION = YES;
				GCC_WARN_UNUSED_VARIABLE = YES;
				MACOSX_DEPLOYMENT_TARGET = 10.10;
				MTL_ENABLE_DEBUG_INFO = NO;
				SDKROOT = macosx;
			};
			name = Release;
		};
		495814A11B8AB8EE0052D621 /* Debug */ = {
			isa = XCBuildConfiguration;
			buildSettings = {
				PRODUCT_NAME = "$(TARGET_NAME)";
			};
			name = Debug;
		};
		495814A21B8AB8EE0052D621 /* Release */ = {
			isa = XCBuildConfiguration;
			buildSettings = {
				PRODUCT_NAME = "$(TARGET_NAME)";
			};
			name = Release;
		};
/* End XCBuildConfiguration section */

/* Begin XCConfigurationList section */
		495814941B8AB8EE0052D621 /* Build configuration list for PBXProject "OC07_NSDate" */ = {
			isa = XCConfigurationList;
			buildConfigurations = (
				4958149E1B8AB8EE0052D621 /* Debug */,
				4958149F1B8AB8EE0052D621 /* Release */,
			);
			defaultConfigurationIsVisible = 0;
			defaultConfigurationName = Release;
		};
		495814A01B8AB8EE0052D621 /* Build configuration list for PBXNativeTarget "OC07_NSDate" */ = {
			isa = XCConfigurationList;
			buildConfigurations = (
				495814A11B8AB8EE0052D621 /* Debug */,
				495814A21B8AB8EE0052D621 /* Release */,
			);
			defaultConfigurationIsVisible = 0;
		};
/* End XCConfigurationList section */
	};
	rootObject = 495814911B8AB8EE0052D621 /* Project object */;
}
